{
  "lockfileVersion": 1,
  "configVersion": 1,
  "workspaces": {
    "": {
      "name": "zinc",
      "dependencies": {
        "@tursodatabase/database": "^0.6.1",
        "kdljs": "^0.3.0",
      },
      "devDependencies": {
        "@types/bun": "^1.3.5",
      },
    },
  },
  "packages": {
    "@chevrotain/cst-dts-gen": ["@chevrotain/cst-dts-gen@11.2.0", "", { "dependencies": { "@chevrotain/gast": "11.2.0", "@chevrotain/types": "11.2.0", "lodash-es": "4.17.23" } }, "sha512-ssJFvn/UXhQQeICw3SR/fZPmYVj+JM2mP+Lx7bZ51cOeHaMWOKp3AUMuyM3QR82aFFXTfcAp67P5GpPjGmbZWQ=="],

    "@chevrotain/gast": ["@chevrotain/gast@11.2.0", "", { "dependencies": { "@chevrotain/types": "11.2.0", "lodash-es": "4.17.23" } }, "sha512-c+KoD6eSI1xjAZZoNUW+V0l13UEn+a4ShmUrjIKs1BeEWCji0Kwhmqn5FSx1K4BhWL7IQKlV7wLR4r8lLArORQ=="],

    "@chevrotain/regexp-to-ast": ["@chevrotain/regexp-to-ast@11.2.0", "", {}, "sha512-lG73pBFqbXODTbXhdZwv0oyUaI+3Irm+uOv5/W79lI3g5hasYaJnVJOm3H2NkhA0Ef4XLBU4Scr7TJDJwgFkAw=="],

    "@chevrotain/types": ["@chevrotain/types@11.2.0", "", {}, "sha512-vBMSj/lz/LqolbGQEHB0tlpW5BnljHVtp+kzjQfQU+5BtGMTuZCPVgaAjtKvQYXnHb/8i/02Kii00y0tsuwfsw=="],

    "@chevrotain/utils": ["@chevrotain/utils@11.2.0", "", {}, "sha512-+7whECg4yNWHottjvr2To2BRxL4XJVjIyyv5J4+bJ0iMOVU8j/8n1qPDLZS/90W/BObDR8VNL46lFbzY/Hosmw=="],

    "@tursodatabase/database": ["@tursodatabase/database@0.6.1", "", { "dependencies": { "@tursodatabase/database-common": "^0.6.1" }, "optionalDependencies": { "@tursodatabase/database-darwin-arm64": "0.6.1", "@tursodatabase/database-linux-arm64-gnu": "0.6.1", "@tursodatabase/database-linux-x64-gnu": "0.6.1", "@tursodatabase/database-win32-x64-msvc": "0.6.1" } }, "sha512-qg6LO1XHA9kc2s97crg0/nHiKFk3xTzylRuZPYggO0vA4hx2rp8fk0Je2vFGOkfVv+ZmzsXOIb+DBHmdrG+72A=="],

    "@tursodatabase/database-common": ["@tursodatabase/database-common@0.6.1", "", {}, "sha512-fkmkhgSUDg3MXkcziTG9Ime3AY5+YvvDN7VvUDEMNV7MP+XgwE/i5tU6eQP1EKa/zDkdSYPq8gPcmROmKmKL8Q=="],

    "@tursodatabase/database-darwin-arm64": ["@tursodatabase/database-darwin-arm64@0.6.1", "", { "os": "darwin", "cpu": "arm64" }, "sha512-2/nlqulI/kWlrh7vHMwF5fkuavGRWB83SIhzHZmoHSQovq0a28Z4+WAHerjh9yNs7DTj70U9PIsvAtRdh77l7g=="],

    "@tursodatabase/database-linux-arm64-gnu": ["@tursodatabase/database-linux-arm64-gnu@0.6.1", "", { "os": "linux", "cpu": "arm64" }, "sha512-ixooF2xyxV84GYIYPLI5D9VEp+cX3WPBmXRyoCGw7+l9G66eOp8QppGF0dKFYhtp/AJ8YmOp+lemqBoCue9N8Q=="],

    "@tursodatabase/database-linux-x64-gnu": ["@tursodatabase/database-linux-x64-gnu@0.6.1", "", { "os": "linux", "cpu": "x64" }, "sha512-cNZ3FS8XBn4X8zHSzd31nvEeBbR4hCDBGs2P3ViND1Egu5oDZ822a+hWxNxMgMPgUJf/aGBEAk5p+j11fAC/QQ=="],

    "@tursodatabase/database-win32-x64-msvc": ["@tursodatabase/database-win32-x64-msvc@0.6.1", "", { "os": "win32", "cpu": "x64" }, "sha512-3CASiW3BbeNT4qryxPKKZECGxaAtfUeM/Bjx1NWIxShCLLtRpnaEUt7WLOT2hz+sqU322H6fmMuaN9sYrcwBxw=="],

    "@types/bun": ["@types/bun@1.3.14", "", { "dependencies": { "bun-types": "1.3.14" } }, "sha512-h1hFqFVcvAvD9j9K7ZW7vd82aSA+rTdznZa+5bwvCwqSB1jmmfLcbIWhOLx1/+boy/xmjgCs/OMUL8hRJSmnPw=="],

    "@types/node": ["@types/node@26.1.0", "", { "dependencies": { "undici-types": "~8.3.0" } }, "sha512-O0A1G3xPGy4w7AgQdAQYUlQ+BKk2Oovw8eRpofyp5KdBZULnbe+WqaOVNrm705SHphCiG4XHsACrSmPu1f+Kgw=="],

    "bun-types": ["bun-types@1.3.14", "", { "dependencies": { "@types/node": "*" } }, "sha512-4N0ig0fEomHt5R0KCFWjovxow98rIoRwKolrYdCcknNwMekCXRnWEUvgu5soYV8QXtVsrUD8B95MBOZGPvr6KQ=="],

    "chevrotain": ["chevrotain@11.2.0", "", { "dependencies": { "@chevrotain/cst-dts-gen": "11.2.0", "@chevrotain/gast": "11.2.0", "@chevrotain/regexp-to-ast": "11.2.0", "@chevrotain/types": "11.2.0", "@chevrotain/utils": "11.2.0", "lodash-es": "4.17.23" } }, "sha512-mHCHTxM51nCklUw9RzRVc0DLjAh/SAUPM4k/zMInlTIo25ldWXOZoPt7XEIk/LwoT4lFVmJcu9g5MHtx371x3A=="],

    "kdljs": ["kdljs@0.3.0", "", { "dependencies": { "chevrotain": "^11.0.3" } }, "sha512-tNb5vWkcouQKp8Q3CJ0BhA4ThcnWdVcY0Z+zertOelM8ywHVOabu3FZdDKldQj9j/CZt17eb5+kq/1Gg9GDtXg=="],

    "lodash-es": ["lodash-es@4.17.23", "", {}, "sha512-kVI48u3PZr38HdYz98UmfPnXl2DXrpdctLrFLCd3kOx1xUkOmpFPx7gCWWM5MPkL/fD8zb+Ph0QzjGFs4+hHWg=="],

    "undici-types": ["undici-types@8.3.0", "", {}, "sha512-j375ScV60dom+YkPFIfTLcOiPxkN/buHz5GobjLhixFuANaNs3C9l4GmrWqejgXWJ7BbJcFYpTEUkS1Ge8bpZQ=="],
  }
}
