format = 1

# Provisioning only. Zinc performs no discovery, installation, download, build,
# or compilation at runtime.

[[dependency]]
name = "portable-agents"
version = "1.0.0"
source = "https://github.com/darkhorseprojects/portable-agents/releases/tag/v1.0.0"
build = ["cargo install portable-agents --version 1.0.0 --locked"]
expected = "agent 1.0.0 with Lua 5.5"
license = "AGPL-3.0-only"

[[dependency]]
name = "lua"
version = "5.5.0"
source = "https://www.lua.org/ftp/lua-5.5.0.tar.gz"
sha256 = "57ccc32bbbd005cab75bcc52444052535af691789dba2b9016d5c50640d68b3d"
expected = "Lua 5.5 headers and library"
license = "MIT"

[[dependency]]
name = "cygnet"
version = "2026.05.12"
source = "https://github.com/omwn/cygnet/releases/download/2026.05.12/cygnet.db.gz"
sha256 = "65e93f3620d7cc5444350d9e204259e961096138767d9ea73403ade38964cc48"
database_sha256 = "aae2cdb1418c1435558584a91181e1cb94459f2506c16f2be4b00e81428deaff"
expected = "read-only canonical source for runtime structural mass, multilingual form attention, and typed expansion"
license = "LicenseRef-Cygnet-Aggregate"

[[dependency]]
name = "rust"
version = "1.97.1"
source = "https://static.rust-lang.org/dist/channel-rust-1.97.1.toml"
expected = "builds Portable Agents with rustc 1.97.1"
license = "Apache-2.0 OR MIT"

[[dependency]]
name = "python"
version = "3.12.12"
source = "https://www.python.org/downloads/"
expected = "runs proposal tools, tests, and vLLM"
license = "PSF-2.0"

[[dependency]]
name = "vllm"
version = "0.27.1"
source = "https://github.com/vllm-project/vllm/releases/tag/v0.27.1"
build = ["uv pip install vllm==0.27.1"]
expected = "pooling runner exposes Cohere-compatible /rerank"
license = "Apache-2.0"

[[dependency]]
name = "llama-nemotron-rerank-1b-v2"
source = "https://huggingface.co/nvidia/llama-nemotron-rerank-1b-v2"
revision = "d896ceda696c5c6fe0abf65f63a77c691bbf4548"
expected = "vLLM pooling runner with tools/nemotron-rerank.jinja"
license = "LicenseRef-NVIDIA-Open-Model-AND-Llama-3.2-Community"

[[dependency]]
name = "llama.cpp"
version = "b10331"
source = "https://github.com/ggml-org/llama.cpp.git"
revision = "7ba604f1cb61cd14898138e9abc0b4ff2601f180"
expected = "official llama-server chat endpoint"
license = "MIT"

[[dependency]]
name = "LFM2.5-2.6B-GGUF"
source = "https://huggingface.co/LiquidAI/LFM2.5-2.6B-GGUF"
revision = "b421ad1d549afeda6a0fb2ad3a697cb5a7879adc"
expected = "chat-only model; upstream config max_position_embeddings=131072; pinned GGUF metadata corrected with --override-kv lfm2.context_length=int:131072"
license = "LicenseRef-LFM-Open-License-1.0"
