format = 1

# External model and immutable data deployments. Moonstone owns Zinc's Lua,
# native module, test, lint, and packaging closures.

[[dependency]]
name = "cygnet"
version = "2026.05.12"
source = "https://github.com/omwn/cygnet/releases/download/2026.05.12/cygnet.db.gz"
sha256 = "65e93f3620d7cc5444350d9e204259e961096138767d9ea73403ade38964cc48"
database_sha256 = "aae2cdb1418c1435558584a91181e1cb94459f2506c16f2be4b00e81428deaff"
expected = "data/cygnet.db with data/cygnet-index.db generated by tools/cygnet_index.lua"
license = "LicenseRef-Cygnet-Aggregate"

[[dependency]]
name = "vllm"
version = "0.27.1"
source = "https://github.com/vllm-project/vllm/releases/tag/v0.27.1"
expected = "pooling runner exposes Cohere-compatible /rerank"
license = "Apache-2.0"

[[dependency]]
name = "llama-nemotron-rerank-1b-v2"
source = "https://huggingface.co/nvidia/llama-nemotron-rerank-1b-v2"
revision = "d896ceda696c5c6fe0abf65f63a77c691bbf4548"
expected = "vLLM pooling runner with tools/nemotron-rerank.jinja"
license = "LicenseRef-NVIDIA-Open-Model-AND-Llama-3.2-Community"

[[dependency]]
name = "llama.cpp"
version = "b10331"
source = "https://github.com/ggml-org/llama.cpp.git"
revision = "7ba604f1cb61cd14898138e9abc0b4ff2601f180"
expected = "official llama-server chat endpoint"
license = "MIT"

[[dependency]]
name = "LFM2.5-2.6B-GGUF"
source = "https://huggingface.co/LiquidAI/LFM2.5-2.6B-GGUF"
revision = "b421ad1d549afeda6a0fb2ad3a697cb5a7879adc"
expected = "chat model with 131072-token context metadata"
license = "LicenseRef-LFM-Open-License-1.0"
