format = 1

[[dependency]]
name = "cygnet"
version = "2026.05.12"
source = "https://github.com/omwn/cygnet/releases/download/2026.05.12/cygnet.db.gz"
sha256 = "65e93f3620d7cc5444350d9e204259e961096138767d9ea73403ade38964cc48"
database_sha256 = "aae2cdb1418c1435558584a91181e1cb94459f2506c16f2be4b00e81428deaff"
expected = "build data/cygnet.db with tools/cygnet_index.lua; package only the generated database"
license = "LicenseRef-Cygnet-Aggregate"

[[dependency]]
name = "llama.cpp-nemotron"
source = "https://github.com/kinexis-eu/llama.cpp.git"
revision = "88bfe5be79100efb61f4afd83c420bde451602a8"
expected = "router provides /v1/chat/completions and /v1/rerank"
license = "MIT"

[[dependency]]
name = "LFM2.5-2.6B-Q4_K_M.gguf"
source = "https://huggingface.co/LiquidAI/LFM2.5-2.6B-GGUF"
revision = "84022ce711b28455e8c4fc364ce68c00cf995875"
sha256 = "02a8b7e17487d326e46d68ce0ba24211e1b80a14c4cd0597fa73c1cd697f52ed"
license = "LicenseRef-LFM-Open-License-1.0"

[[dependency]]
name = "llama-nemotron-rerank-1b-v2-q8_0.gguf"
source = "https://huggingface.co/kread/llama-nemotron-rerank-1b-v2-GGUF"
revision = "a1b4ca67f0b6a41375a3d4eb58b7a09d8389ebac"
sha256 = "ebfea26683f07258cff4543166a8f8fc736a7473174b70ced695b2bac0b966bb"
license = "LicenseRef-NVIDIA-Open-Model-AND-Llama-3.2-Community"
