format = 1

[[dependency]]
name = "cygnet"
version = "2026.05.12"
source = "https://github.com/omwn/cygnet/releases/download/2026.05.12/cygnet.db.gz"
sha256 = "65e93f3620d7cc5444350d9e204259e961096138767d9ea73403ade38964cc48"
database_sha256 = "aae2cdb1418c1435558584a91181e1cb94459f2506c16f2be4b00e81428deaff"
expected = "build data/cygnet.db with tools/cygnet_index.lua; package only the generated database"
license = "LicenseRef-Cygnet-Aggregate"

[[dependency]]
name = "llama.cpp-nemotron"
source = "https://github.com/kinexis-eu/llama.cpp.git"
revision = "88bfe5be79100efb61f4afd83c420bde451602a8"
expected = "router provides /v1/chat/completions and /v1/rerank"
license = "MIT"

[[dependency]]
name = "MiniCPM5-2B-Q4_K_M.gguf"
source = "https://huggingface.co/openbmb/MiniCPM5-2B-GGUF"
revision = "2079a22f3beaa4e306449978533478fe0522f4b3"
sha256 = "ec2d5801640099e97d8d7e8003ad4d81f336e757811f03a26173dddf386602fd"
license = "Apache-2.0"

[[dependency]]
name = "llama-nemotron-rerank-1b-v2-q8_0.gguf"
source = "https://huggingface.co/kread/llama-nemotron-rerank-1b-v2-GGUF"
revision = "a1b4ca67f0b6a41375a3d4eb58b7a09d8389ebac"
sha256 = "ebfea26683f07258cff4543166a8f8fc736a7473174b70ced695b2bac0b966bb"
license = "LicenseRef-NVIDIA-Open-Model-AND-Llama-3.2-Community"
