lockfile_version = 3

[[realization]]
realization_hash = "b3:535ef7eb7f8b84ec41b64120f9d5d72834ff00bb9d21a7dcb0f17f4dd228e02d"
name = "moonstone/lua"
version = "5.5.0"
kind = "runtime"
recipe_hash = "b3:7ba316860bcdee207777cfa91274142c9b8588bf23ed7a4514f237156b0d4f97"
artifact_hash = "b3:d7e64e4c9a4d691a61ca4da82d8363f4e5b20d6ab1f15ed04e4753f516dca96a"
replay_mode = "artifact_only"
runtime = "moonstone/lua"
lua_abi = "5.5"
target = "x86_64-linux-gnu"
constellation = "default"
source_kind = "runtime"
resolver = "moonstone"

[[realization]]
realization_hash = "b3:e065afffd543f01a5699efcc528fc478e880f237b615a226b8dd1dd6377ece43"
name = "zinc/lua-test-tools"
version = "1.0.0"
kind = "bin"
source_hash = "b3:e7bceed43153868c184c443ed34fdc2eafdfb12f0fcca26d4d7851314e8974b9"
recipe_hash = ""
artifact_hash = "b3:e7bceed43153868c184c443ed34fdc2eafdfb12f0fcca26d4d7851314e8974b9"
replay_mode = "artifact_only"
runtime = "5.5"
lua_abi = "5.5"
target = "x86_64-linux-gnu"
constellation = "default"
source = "blobs/b3/e7/bc/e7bceed43153868c184c443ed34fdc2eafdfb12f0fcca26d4d7851314e8974b9.tar.gz"
source_kind = "compiled"
source_payload = "sources/blob.tar.gz"
resolver = "moonstone"
registry = "zinc"
roles = ["dev"]

[[realization]]
realization_hash = "b3:7102eaa805cdf6313087d05b0ed4803079bd16a6aab531f3215c59ffa9d3b82e"
name = "zinc/stylua"
version = "2.5.2"
kind = "bin"
source_hash = "b3:bef6769b6199a02786391ae85b051514b77d5a5952472ea4c384c0b4d782522d"
recipe_hash = ""
artifact_hash = "b3:bef6769b6199a02786391ae85b051514b77d5a5952472ea4c384c0b4d782522d"
replay_mode = "artifact_only"
runtime = "5.5"
lua_abi = ""
target = "x86_64-linux-gnu"
constellation = "default"
source = "blobs/b3/be/f6/bef6769b6199a02786391ae85b051514b77d5a5952472ea4c384c0b4d782522d.tar.gz"
source_kind = "compiled"
source_payload = "sources/blob.tar.gz"
resolver = "moonstone"
registry = "zinc"
roles = ["tool"]

[[realization]]
realization_hash = "b3:3a5842cb35f76e8d25d6a7f25b4848ff510fad4f595df8018a4b2a460115c580"
name = "zinc/ballad"
version = "0.3.3"
kind = "bin"
source_hash = "b3:58cdd00f9c3a79d461099c406b79041677b093abe025a55a935b147998544cd7"
recipe_hash = ""
artifact_hash = "b3:58cdd00f9c3a79d461099c406b79041677b093abe025a55a935b147998544cd7"
replay_mode = "artifact_only"
runtime = "5.5"
lua_abi = "5.5"
target = "x86_64-linux-gnu"
constellation = "default"
source = "blobs/b3/58/cd/58cdd00f9c3a79d461099c406b79041677b093abe025a55a935b147998544cd7.tar.gz"
source_kind = "compiled"
source_payload = "sources/blob.tar.gz"
resolver = "moonstone"
registry = "zinc"
roles = ["tool"]

[[realization]]
realization_hash = "b3:c47330b501d0cb8051b628ca1afa9f5dd4e455891a443be3b4f7e9bff38ca2a9"
name = "zinc/dkjson"
version = "2.10-1"
kind = "lib"
source_hash = "b3:ffd205cd1449cbea4b32899cfa73b55774dc297b5071001cffc0d8cc2eaa0e52"
recipe_hash = ""
artifact_hash = "b3:ffd205cd1449cbea4b32899cfa73b55774dc297b5071001cffc0d8cc2eaa0e52"
replay_mode = "artifact_only"
runtime = "5.5"
lua_abi = "5.5"
target = "x86_64-linux-gnu"
constellation = "default"
source = "blobs/b3/ff/d2/ffd205cd1449cbea4b32899cfa73b55774dc297b5071001cffc0d8cc2eaa0e52.tar.gz"
source_kind = "compiled"
source_payload = "sources/blob.tar.gz"
resolver = "moonstone"
registry = "zinc"
roles = ["runtime"]

[[realization]]
realization_hash = "b3:0188d2b3227f58fbaeef56f51fae14c6254fa0c3ed68d8f898a0ed4a767c5911"
name = "zinc/lsqlite3"
version = "0.9.7-1"
kind = "lib"
source_hash = "b3:47ddcfd5fec84d6f1fd1de4302cfc4a6994de13a36c00e5b9aae775a5c3ee1cf"
recipe_hash = ""
artifact_hash = "b3:47ddcfd5fec84d6f1fd1de4302cfc4a6994de13a36c00e5b9aae775a5c3ee1cf"
replay_mode = "artifact_only"
runtime = "5.5"
lua_abi = "5.5"
target = "x86_64-linux-gnu"
constellation = "default"
source = "blobs/b3/47/dd/47ddcfd5fec84d6f1fd1de4302cfc4a6994de13a36c00e5b9aae775a5c3ee1cf.tar.gz"
source_kind = "compiled"
source_payload = "sources/blob.tar.gz"
resolver = "moonstone"
registry = "zinc"
roles = ["runtime"]

[[realization]]
realization_hash = "b3:fb10b41c8240991efc010799ce15946c94d0dfaae26800233173cc70322c8ed9"
name = "zinc/lua-curl"
version = "0.3.13-1"
kind = "lib"
source_hash = "b3:e8db1c560a532238dddc44910b1bd8a09d1d2613dc3b4f763489a378eb1c1f26"
recipe_hash = ""
artifact_hash = "b3:e8db1c560a532238dddc44910b1bd8a09d1d2613dc3b4f763489a378eb1c1f26"
replay_mode = "artifact_only"
runtime = "5.5"
lua_abi = "5.5"
target = "x86_64-linux-gnu"
constellation = "default"
source = "blobs/b3/e8/db/e8db1c560a532238dddc44910b1bd8a09d1d2613dc3b4f763489a378eb1c1f26.tar.gz"
source_kind = "compiled"
source_payload = "sources/blob.tar.gz"
resolver = "moonstone"
registry = "zinc"
roles = ["runtime"]

[[realization]]
realization_hash = "b3:e98febf5af6a419632aeec68c3e136a99b13820ee144be9a377277b829333e7b"
name = "zinc/luv"
version = "1.51.0-1"
kind = "lib"
source_hash = "b3:0659bae90a18c05f7d5022660c85b45d38e7ae01103b064f44d61883f1dc117c"
recipe_hash = ""
artifact_hash = "b3:0659bae90a18c05f7d5022660c85b45d38e7ae01103b064f44d61883f1dc117c"
replay_mode = "artifact_only"
runtime = "5.5"
lua_abi = "5.5"
target = "x86_64-linux-gnu"
constellation = "default"
source = "blobs/b3/06/59/0659bae90a18c05f7d5022660c85b45d38e7ae01103b064f44d61883f1dc117c.tar.gz"
source_kind = "compiled"
source_payload = "sources/blob.tar.gz"
resolver = "moonstone"
registry = "zinc"
roles = ["runtime"]

[[profile]]
id = "x86_64-linux-gnu+moonstone/lua+5.5"
target = "x86_64-linux-gnu"
runtime = "moonstone/lua"
lua_abi = "5.5"
packages = [{ name = "moonstone/lua", version = "5.5.0", realization_hash = "b3:535ef7eb7f8b84ec41b64120f9d5d72834ff00bb9d21a7dcb0f17f4dd228e02d" }, { name = "zinc/lua-test-tools", version = "1.0.0", realization_hash = "b3:e065afffd543f01a5699efcc528fc478e880f237b615a226b8dd1dd6377ece43" }, { name = "zinc/stylua", version = "2.5.2", realization_hash = "b3:7102eaa805cdf6313087d05b0ed4803079bd16a6aab531f3215c59ffa9d3b82e" }, { name = "zinc/ballad", version = "0.3.3", realization_hash = "b3:3a5842cb35f76e8d25d6a7f25b4848ff510fad4f595df8018a4b2a460115c580" }, { name = "zinc/dkjson", version = "2.10-1", realization_hash = "b3:c47330b501d0cb8051b628ca1afa9f5dd4e455891a443be3b4f7e9bff38ca2a9" }, { name = "zinc/lsqlite3", version = "0.9.7-1", realization_hash = "b3:0188d2b3227f58fbaeef56f51fae14c6254fa0c3ed68d8f898a0ed4a767c5911" }, { name = "zinc/lua-curl", version = "0.3.13-1", realization_hash = "b3:fb10b41c8240991efc010799ce15946c94d0dfaae26800233173cc70322c8ed9" }, { name = "zinc/luv", version = "1.51.0-1", realization_hash = "b3:e98febf5af6a419632aeec68c3e136a99b13820ee144be9a377277b829333e7b" }]
edges = []
