lockfile_version = 3

[[realization]]
realization_hash = "b3:d8762ca5df2a95120107608c3b62b25c91fab11807075538807f6f87b49fd0d2"
name = "moonstone/lua"
version = "5.4.7"
kind = "runtime"
recipe_hash = "b3:d0029c8f2be18d7259bc8de30f7a7a369c167b43049c6d2ce606c8f7f561f6b5"
artifact_hash = "b3:7e1e8d055892e60aa1c43a6acd96204e53593352c4c3fc295ca48e8fe427dd53"
replay_mode = "artifact_only"
runtime = "moonstone/lua"
lua_abi = "5.4"
target = "x86_64-linux-gnu"
constellation = "default"
source_kind = "runtime"
resolver = "moonstone"

[[realization]]
realization_hash = "b3:765225f6b497ac57d47ce31d86874bf5d5c2c38a4aa4711d892a84d3f0b82012"
name = "luacheck"
version = "1.2.0-1"
kind = "bin"
source_hash = "b3:9dc840206febbbf7ee7d8979c524eee2f4d05db4196af281ce863929cc89714d"
recipe_hash = "b3:2880344f1a9e84a467a36775fc660f4729a6fd2d8803e5f15f4df7e1a040c697"
artifact_hash = "b3:33234904afe98ed47a717f968c6e5fb30a54da4c763249e5f4226eb41b3caece"
replay_mode = "portable_source"
runtime = "5.4"
lua_abi = "5.4"
target = "x86_64-linux-gnu"
constellation = "default"
source = "https://luarocks.org/luacheck-1.2.0-1.src.rock"
source_kind = "luarocks_src_rock"
source_payload = "sources/luacheck-1.2.0-1.src.rock"
rockspec = "https://luarocks.org/luacheck-1.2.0-1.rockspec"
rockspec_hash = "b3:c57eae364f51e08ae9357b8b27044ab96d98e495c140fb709f3bed2f37d3999c"
rockspec_payload = "sources/luacheck-1.2.0-1.rockspec"
resolver = "rocks"
registry = "rocks"
roles = ["runtime"]

[[realization]]
realization_hash = "b3:c79ef08e6d4fd991487626564b8e14b9dbad205b0780b35659b4c49b6854a4dd"
name = "luafilesystem"
version = "1.9.0-1"
kind = "lib"
source_hash = "b3:eb045fcb85b41313935a69e25e12a1a473dbc7c216debdb86ce57845d23b12c0"
recipe_hash = "b3:a35bc46836eaa246f791912125a7d21215a3ab71d0d9054baf1c975b66d2ee3a"
artifact_hash = "b3:162ce4c16c321827e1f268b5db42472d8894701ad725143b23db68079bf627bf"
replay_mode = "portable_source"
runtime = "5.4"
lua_abi = "5.4"
target = "x86_64-linux-gnu"
constellation = "default"
source = "https://luarocks.org/luafilesystem-1.9.0-1.src.rock"
source_kind = "luarocks_src_rock"
source_payload = "sources/luafilesystem-1.9.0-1.src.rock"
rockspec = "https://luarocks.org/luafilesystem-1.9.0-1.rockspec"
rockspec_hash = "b3:fca860b1ab21280b1e1c2b8419dc5c552a80ec7d93e11a5359e18d2023d400e9"
rockspec_payload = "sources/luafilesystem-1.9.0-1.rockspec"
resolver = "rocks"
registry = "rocks"
roles = ["runtime"]

[[realization]]
realization_hash = "b3:5f4ba432f35568f329add2d9310db2f7b3005a2e4e22e06434dbc77523702224"
name = "argparse"
version = "0.7.2-1"
kind = "lib"
source_hash = "b3:1a8e6b4f38ef11f320d6bbdadabe162cf266355dfd70fb352aa3ec926cfec669"
recipe_hash = "b3:89b9d9fd9236ab68750c8b457bf480595705828d93de40dc1446d0635b35f86a"
artifact_hash = "b3:5b626c004109d0ea7865f83061d846e7ba4a5d4d123b74444a7a3005fbd369c3"
replay_mode = "portable_source"
runtime = "5.4"
lua_abi = "5.4"
target = "x86_64-linux-gnu"
constellation = "default"
source = "https://luarocks.org/argparse-0.7.2-1.src.rock"
source_kind = "luarocks_src_rock"
source_payload = "sources/argparse-0.7.2-1.src.rock"
rockspec = "https://luarocks.org/argparse-0.7.2-1.rockspec"
rockspec_hash = "b3:b52f9c08b02d84c24dd24ec634aa065992884eca49d3591c5bb231be7eae05ef"
rockspec_payload = "sources/argparse-0.7.2-1.rockspec"
resolver = "rocks"
registry = "rocks"
roles = ["runtime"]

[[profile]]
id = "x86_64-linux-gnu+moonstone/lua+5.4"
target = "x86_64-linux-gnu"
runtime = "moonstone/lua"
lua_abi = "5.4"
packages = [{ name = "moonstone/lua", version = "5.4.7", realization_hash = "b3:d8762ca5df2a95120107608c3b62b25c91fab11807075538807f6f87b49fd0d2" }, { name = "luacheck", version = "1.2.0-1", realization_hash = "b3:765225f6b497ac57d47ce31d86874bf5d5c2c38a4aa4711d892a84d3f0b82012" }, { name = "luafilesystem", version = "1.9.0-1", realization_hash = "b3:c79ef08e6d4fd991487626564b8e14b9dbad205b0780b35659b4c49b6854a4dd" }, { name = "argparse", version = "0.7.2-1", realization_hash = "b3:5f4ba432f35568f329add2d9310db2f7b3005a2e4e22e06434dbc77523702224" }]
edges = []
